{
  "format_version": "1.2",
  "terraform_version": "1.5.0",
  "planned_values": {
    "root_module": {
      "resources": [
        {
          "address": "aws_security_group.allow_tls",
          "mode": "managed",
          "type": "aws_security_group",
          "name": "allow_tls",
          "provider_name": "registry.terraform.io/hashicorp/aws",
          "schema_version": 1,
          "values": {
            "description": "Allow TLS inbound traffic",
            "egress": [
              {
                "cidr_blocks": [
                  "0.0.0.0/0"
                ],
                "description": "",
                "from_port": 0,
                "ipv6_cidr_blocks": [],
                "prefix_list_ids": [],
                "protocol": "-1",
                "security_groups": [],
                "self": false,
                "to_port": 0
              }
            ],
            "ingress": [
              {
                "cidr_blocks": [
                  "10.0.0.0/8"
                ],
                "description": "TLS from VPC",
                "from_port": 443,
                "ipv6_cidr_blocks": [],
                "prefix_list_ids": [],
                "protocol": "tcp",
                "security_groups": [],
                "self": false,
                "to_port": 443
              }
            ],
            "name": "allow_tls",
            "revoke_rules_on_delete": false,
            "tags": {
              "Name": "allow_tls"
            },
            "tags_all": {
              "Name": "allow_tls"
            },
            "timeouts": null,
            "vpc_id": "vpc-0a6e7d90fb2a8df19"
          },
          "sensitive_values": {
            "egress": [
              {
                "cidr_blocks": [
                  false
                ],
                "ipv6_cidr_blocks": [],
                "prefix_list_ids": [],
                "security_groups": []
              }
            ],
            "ingress": [
              {
                "cidr_blocks": [
                  false
                ],
                "ipv6_cidr_blocks": [],
                "prefix_list_ids": [],
                "security_groups": []
              }
            ],
            "tags": {},
            "tags_all": {}
          }
        }
      ],
      "child_modules": [
        {
          "resources": [
            {
              "address": "module.http_sg.aws_security_group.this_name_prefix[0]",
              "mode": "managed",
              "type": "aws_security_group",
              "name": "this_name_prefix",
              "index": 0,
              "provider_name": "registry.terraform.io/hashicorp/aws",
              "schema_version": 1,
              "values": {
                "description": "Security group with HTTP ports open for everybody (IPv4 CIDR), egress ports are all world open",
                "name_prefix": "http-sg-",
                "revoke_rules_on_delete": false,
                "tags": {
                  "Name": "http-sg"
                },
                "tags_all": {
                  "Name": "http-sg"
                },
                "timeouts": {
                  "create": "10m",
                  "delete": "15m"
                },
                "vpc_id": "vpc-0a6e7d90fb2a8df19"
              },
              "sensitive_values": {
                "egress": [],
                "ingress": [],
                "tags": {},
                "tags_all": {},
                "timeouts": {}
              }
            }
          ],
          "address": "module.http_sg"
        }
      ]
    }
  },
  "resource_changes": [
    {
      "address": "aws_security_group.allow_tls",
      "mode": "managed",
      "type": "aws_security_group",
      "name": "allow_tls",
      "provider_name": "registry.terraform.io/hashicorp/aws",
      "change": {
        "actions": [
          "create"
        ],
        "before": null,
        "after": {
          "description": "Allow TLS inbound traffic",
          "egress": [
            {
              "cidr_blocks": [
                "0.0.0.0/0"
              ],
              "description": "",
              "from_port": 0,
              "ipv6_cidr_blocks": [],
              "prefix_list_ids": [],
              "protocol": "-1",
              "security_groups": [],
              "self": false,
              "to_port": 0
            }
          ],
          "ingress": [
            {
              "cidr_blocks": [
                "10.0.0.0/8"
              ],
              "description": "TLS from VPC",
              "from_port": 443,
              "ipv6_cidr_blocks": [],
              "prefix_list_ids": [],
              "protocol": "tcp",
              "security_groups": [],
              "self": false,
              "to_port": 443
            }
          ],
          "name": "allow_tls",
          "revoke_rules_on_delete": false,
          "tags": {
            "Name": "allow_tls"
          },
          "tags_all": {
            "Name": "allow_tls"
          },
          "timeouts": null,
          "vpc_id": "vpc-0a6e7d90fb2a8df19"
        },
        "after_unknown": {
          "arn": true,
          "egress": [
            {
              "cidr_blocks": [
                false
              ],
              "ipv6_cidr_blocks": [],
              "prefix_list_ids": [],
              "security_groups": []
            }
          ],
          "id": true,
          "ingress": [
            {
              "cidr_blocks": [
                false
              ],
              "ipv6_cidr_blocks": [],
              "prefix_list_ids": [],
              "security_groups": []
            }
          ],
          "name_prefix": true,
          "owner_id": true,
          "tags": {},
          "tags_all": {}
        },
        "before_sensitive": false,
        "after_sensitive": {
          "egress": [
            {
              "cidr_blocks": [
                false
              ],
              "ipv6_cidr_blocks": [],
              "prefix_list_ids": [],
              "security_groups": []
            }
          ],
          "ingress": [
            {
              "cidr_blocks": [
                false
              ],
              "ipv6_cidr_blocks": [],
              "prefix_list_ids": [],
              "security_groups": []
            }
          ],
          "tags": {},
          "tags_all": {}
        }
      }
    },
    {
      "address": "module.http_sg.aws_security_group.this_name_prefix[0]",
      "module_address": "module.http_sg",
      "mode": "managed",
      "type": "aws_security_group",
      "name": "this_name_prefix",
      "index": 0,
      "provider_name": "registry.terraform.io/hashicorp/aws",
      "change": {
        "actions": [
          "create"
        ],
        "before": null,
        "after": {
          "description": "Security group with HTTP ports open for everybody (IPv4 CIDR), egress ports are all world open",
          "name_prefix": "http-sg-",
          "revoke_rules_on_delete": false,
          "tags": {
            "Name": "http-sg"
          },
          "tags_all": {
            "Name": "http-sg"
          },
          "timeouts": {
            "create": "10m",
            "delete": "15m"
          },
          "vpc_id": "vpc-0a6e7d90fb2a8df19"
        },
        "after_unknown": {
          "arn": true,
          "egress": true,
          "id": true,
          "ingress": true,
          "name": true,
          "owner_id": true,
          "tags": {},
          "tags_all": {},
          "timeouts": {}
        },
        "before_sensitive": false,
        "after_sensitive": {
          "egress": [],
          "ingress": [],
          "tags": {},
          "tags_all": {},
          "timeouts": {}
        }
      }
    }
  ],
  "prior_state": {
    "format_version": "1.0",
    "terraform_version": "1.5.0",
    "values": {
      "root_module": {
        "resources": [
          {
            "address": "data.aws_vpc.default",
            "mode": "data",
            "type": "aws_vpc",
            "name": "default",
            "provider_name": "registry.terraform.io/hashicorp/aws",
            "schema_version": 0,
            "values": {
              "arn": "arn:aws:ec2:us-west-1:000982191218:vpc/vpc-0a6e7d90fb2a8df19",
              "cidr_block": "172.31.0.0/16",
              "cidr_block_associations": [
                {
                  "association_id": "vpc-cidr-assoc-07f6458fea9e4686b",
                  "cidr_block": "172.31.0.0/16",
                  "state": "associated"
                }
              ],
              "default": true,
              "dhcp_options_id": "dopt-07ae66ed50a0481a5",
              "enable_dns_hostnames": true,
              "enable_dns_support": true,
              "enable_network_address_usage_metrics": false,
              "filter": null,
              "id": "vpc-0a6e7d90fb2a8df19",
              "instance_tenancy": "default",
              "ipv6_association_id": "",
              "ipv6_cidr_block": "",
              "main_route_table_id": "rtb-01078dd0df7aed301",
              "owner_id": "000982191218",
              "state": null,
              "tags": {},
              "timeouts": null
            },
            "sensitive_values": {
              "cidr_block_associations": [
                {}
              ],
              "tags": {}
            }
          }
        ]
      }
    }
  },
  "configuration": {
    "provider_config": {
      "aws": {
        "name": "aws",
        "full_name": "registry.terraform.io/hashicorp/aws",
        "expressions": {
          "region": {
            "constant_value": "us-west-1"
          }
        }
      }
    },
    "root_module": {
      "resources": [
        {
          "address": "aws_security_group.allow_tls",
          "mode": "managed",
          "type": "aws_security_group",
          "name": "allow_tls",
          "provider_config_key": "aws",
          "expressions": {
            "description": {
              "constant_value": "Allow TLS inbound traffic"
            },
            "egress": {
              "constant_value": [
                {
                  "cidr_blocks": [
                    "0.0.0.0/0"
                  ],
                  "description": null,
                  "from_port": 0,
                  "ipv6_cidr_blocks": null,
                  "prefix_list_ids": null,
                  "protocol": "-1",
                  "security_groups": null,
                  "self": null,
                  "to_port": 0
                }
              ]
            },
            "ingress": {
              "constant_value": [
                {
                  "cidr_blocks": [
                    "10.0.0.0/8"
                  ],
                  "description": "TLS from VPC",
                  "from_port": 443,
                  "ipv6_cidr_blocks": null,
                  "prefix_list_ids": null,
                  "protocol": "tcp",
                  "security_groups": null,
                  "self": null,
                  "to_port": 443
                }
              ]
            },
            "name": {
              "constant_value": "allow_tls"
            },
            "tags": {
              "constant_value": {
                "Name": "allow_tls"
              }
            },
            "vpc_id": {
              "references": [
                "data.aws_vpc.default.id",
                "data.aws_vpc.default"
              ]
            }
          },
          "schema_version": 1
        },
        {
          "address": "data.aws_vpc.default",
          "mode": "data",
          "type": "aws_vpc",
          "name": "default",
          "provider_config_key": "aws",
          "expressions": {
            "default": {
              "constant_value": true
            }
          },
          "schema_version": 0
        }
      ],
      "module_calls": {
        "http_sg": {
          "source": "git::https://github.com/terraform-aws-modules/terraform-aws-security-group.git",
          "expressions": {
            "description": {
              "constant_value": "Security group with HTTP ports open for everybody (IPv4 CIDR), egress ports are all world open"
            },
            "ingress_cidr_blocks": {
              "constant_value": [
                "0.0.0.0/0"
              ]
            },
            "name": {
              "constant_value": "http-sg"
            },
            "vpc_id": {
              "references": [
                "data.aws_vpc.default.id",
                "data.aws_vpc.default"
              ]
            }
          },
          "module": {
            "outputs": {
              "security_group_arn": {
                "expression": {
                  "references": [
                    "aws_security_group.this[0].arn",
                    "aws_security_group.this[0]",
                    "aws_security_group.this",
                    "aws_security_group.this_name_prefix[0].arn",
                    "aws_security_group.this_name_prefix[0]",
                    "aws_security_group.this_name_prefix"
                  ]
                },
                "description": "The ARN of the security group"
              },
              "security_group_description": {
                "expression": {
                  "references": [
                    "aws_security_group.this[0].description",
                    "aws_security_group.this[0]",
                    "aws_security_group.this",
                    "aws_security_group.this_name_prefix[0].description",
                    "aws_security_group.this_name_prefix[0]",
                    "aws_security_group.this_name_prefix"
                  ]
                },
                "description": "The description of the security group"
              },
              "security_group_id": {
                "expression": {
                  "references": [
                    "aws_security_group.this[0].id",
                    "aws_security_group.this[0]",
                    "aws_security_group.this",
                    "aws_security_group.this_name_prefix[0].id",
                    "aws_security_group.this_name_prefix[0]",
                    "aws_security_group.this_name_prefix"
                  ]
                },
                "description": "The ID of the security group"
              },
              "security_group_name": {
                "expression": {
                  "references": [
                    "aws_security_group.this[0].name",
                    "aws_security_group.this[0]",
                    "aws_security_group.this",
                    "aws_security_group.this_name_prefix[0].name",
                    "aws_security_group.this_name_prefix[0]",
                    "aws_security_group.this_name_prefix"
                  ]
                },
                "description": "The name of the security group"
              },
              "security_group_owner_id": {
                "expression": {
                  "references": [
                    "aws_security_group.this[0].owner_id",
                    "aws_security_group.this[0]",
                    "aws_security_group.this",
                    "aws_security_group.this_name_prefix[0].owner_id",
                    "aws_security_group.this_name_prefix[0]",
                    "aws_security_group.this_name_prefix"
                  ]
                },
                "description": "The owner ID"
              },
              "security_group_vpc_id": {
                "expression": {
                  "references": [
                    "aws_security_group.this[0].vpc_id",
                    "aws_security_group.this[0]",
                    "aws_security_group.this",
                    "aws_security_group.this_name_prefix[0].vpc_id",
                    "aws_security_group.this_name_prefix[0]",
                    "aws_security_group.this_name_prefix"
                  ]
                },
                "description": "The VPC ID"
              }
            },
            "resources": [
              {
                "address": "aws_security_group.this",
                "mode": "managed",
                "type": "aws_security_group",
                "name": "this",
                "provider_config_key": "aws",
                "expressions": {
                  "description": {
                    "references": [
                      "var.description"
                    ]
                  },
                  "name": {
                    "references": [
                      "var.name"
                    ]
                  },
                  "revoke_rules_on_delete": {
                    "references": [
                      "var.revoke_rules_on_delete"
                    ]
                  },
                  "tags": {
                    "references": [
                      "var.name",
                      "var.tags"
                    ]
                  },
                  "timeouts": {
                    "create": {
                      "references": [
                        "var.create_timeout"
                      ]
                    },
                    "delete": {
                      "references": [
                        "var.delete_timeout"
                      ]
                    }
                  },
                  "vpc_id": {
                    "references": [
                      "var.vpc_id"
                    ]
                  }
                },
                "schema_version": 1,
                "count_expression": {
                  "references": [
                    "local.create",
                    "var.create_sg",
                    "var.use_name_prefix"
                  ]
                }
              },
              {
                "address": "aws_security_group.this_name_prefix",
                "mode": "managed",
                "type": "aws_security_group",
                "name": "this_name_prefix",
                "provider_config_key": "aws",
                "expressions": {
                  "description": {
                    "references": [
                      "var.description"
                    ]
                  },
                  "name_prefix": {
                    "references": [
                      "var.name"
                    ]
                  },
                  "revoke_rules_on_delete": {
                    "references": [
                      "var.revoke_rules_on_delete"
                    ]
                  },
                  "tags": {
                    "references": [
                      "var.name",
                      "var.tags"
                    ]
                  },
                  "timeouts": {
                    "create": {
                      "references": [
                        "var.create_timeout"
                      ]
                    },
                    "delete": {
                      "references": [
                        "var.delete_timeout"
                      ]
                    }
                  },
                  "vpc_id": {
                    "references": [
                      "var.vpc_id"
                    ]
                  }
                },
                "schema_version": 1,
                "count_expression": {
                  "references": [
                    "local.create",
                    "var.create_sg",
                    "var.use_name_prefix"
                  ]
                }
              },
              {
                "address": "aws_security_group_rule.computed_egress_rules",
                "mode": "managed",
                "type": "aws_security_group_rule",
                "name": "computed_egress_rules",
                "provider_config_key": "aws",
                "expressions": {
                  "cidr_blocks": {
                    "references": [
                      "var.egress_cidr_blocks"
                    ]
                  },
                  "description": {
                    "references": [
                      "var.rules",
                      "var.computed_egress_rules",
                      "count.index"
                    ]
                  },
                  "from_port": {
                    "references": [
                      "var.rules",
                      "var.computed_egress_rules",
                      "count.index"
                    ]
                  },
                  "ipv6_cidr_blocks": {
                    "references": [
                      "var.egress_ipv6_cidr_blocks"
                    ]
                  },
                  "prefix_list_ids": {
                    "references": [
                      "var.egress_prefix_list_ids"
                    ]
                  },
                  "protocol": {
                    "references": [
                      "var.rules",
                      "var.computed_egress_rules",
                      "count.index"
                    ]
                  },
                  "security_group_id": {
                    "references": [
                      "local.this_sg_id"
                    ]
                  },
                  "to_port": {
                    "references": [
                      "var.rules",
                      "var.computed_egress_rules",
                      "count.index"
                    ]
                  },
                  "type": {
                    "constant_value": "egress"
                  }
                },
                "schema_version": 2,
                "count_expression": {
                  "references": [
                    "local.create",
                    "var.number_of_computed_egress_rules"
                  ]
                }
              },
              {
                "address": "aws_security_group_rule.computed_egress_with_cidr_blocks",
                "mode": "managed",
                "type": "aws_security_group_rule",
                "name": "computed_egress_with_cidr_blocks",
                "provider_config_key": "aws",
                "expressions": {
                  "cidr_blocks": {
                    "references": [
                      "var.computed_egress_with_cidr_blocks",
                      "count.index",
                      "var.egress_cidr_blocks"
                    ]
                  },
                  "description": {
                    "references": [
                      "var.computed_egress_with_cidr_blocks",
                      "count.index"
                    ]
                  },
                  "from_port": {
                    "references": [
                      "var.computed_egress_with_cidr_blocks",
                      "count.index",
                      "var.rules",
                      "var.computed_egress_with_cidr_blocks",
                      "count.index"
                    ]
                  },
                  "prefix_list_ids": {
                    "references": [
                      "var.egress_prefix_list_ids"
                    ]
                  },
                  "protocol": {
                    "references": [
                      "var.computed_egress_with_cidr_blocks",
                      "count.index",
                      "var.rules",
                      "var.computed_egress_with_cidr_blocks",
                      "count.index"
                    ]
                  },
                  "security_group_id": {
                    "references": [
                      "local.this_sg_id"
                    ]
                  },
                  "to_port": {
                    "references": [
                      "var.computed_egress_with_cidr_blocks",
                      "count.index",
                      "var.rules",
                      "var.computed_egress_with_cidr_blocks",
                      "count.index"
                    ]
                  },
                  "type": {
                    "constant_value": "egress"
                  }
                },
                "schema_version": 2,
                "count_expression": {
                  "references": [
                    "local.create",
                    "var.number_of_computed_egress_with_cidr_blocks"
                  ]
                }
              },
              {
                "address": "aws_security_group_rule.computed_egress_with_ipv6_cidr_blocks",
                "mode": "managed",
                "type": "aws_security_group_rule",
                "name": "computed_egress_with_ipv6_cidr_blocks",
                "provider_config_key": "aws",
                "expressions": {
                  "description": {
                    "references": [
                      "var.computed_egress_with_ipv6_cidr_blocks",
                      "count.index"
                    ]
                  },
                  "from_port": {
                    "references": [
                      "var.computed_egress_with_ipv6_cidr_blocks",
                      "count.index",
                      "var.rules",
                      "var.computed_egress_with_ipv6_cidr_blocks",
                      "count.index"
                    ]
                  },
                  "ipv6_cidr_blocks": {
                    "references": [
                      "var.computed_egress_with_ipv6_cidr_blocks",
                      "count.index",
                      "var.egress_ipv6_cidr_blocks"
                    ]
                  },
                  "prefix_list_ids": {
                    "references": [
                      "var.egress_prefix_list_ids"
                    ]
                  },
                  "protocol": {
                    "references": [
                      "var.computed_egress_with_ipv6_cidr_blocks",
                      "count.index",
                      "var.rules",
                      "var.computed_egress_with_ipv6_cidr_blocks",
                      "count.index"
                    ]
                  },
                  "security_group_id": {
                    "references": [
                      "local.this_sg_id"
                    ]
                  },
                  "to_port": {
                    "references": [
                      "var.computed_egress_with_ipv6_cidr_blocks",
                      "count.index",
                      "var.rules",
                      "var.computed_egress_with_ipv6_cidr_blocks",
                      "count.index"
                    ]
                  },
                  "type": {
                    "constant_value": "egress"
                  }
                },
                "schema_version": 2,
                "count_expression": {
                  "references": [
                    "local.create",
                    "var.number_of_computed_egress_with_ipv6_cidr_blocks"
                  ]
                }
              },
              {
                "address": "aws_security_group_rule.computed_egress_with_prefix_list_ids",
                "mode": "managed",
                "type": "aws_security_group_rule",
                "name": "computed_egress_with_prefix_list_ids",
                "provider_config_key": "aws",
                "expressions": {
                  "description": {
                    "references": [
                      "var.computed_egress_with_prefix_list_ids",
                      "count.index"
                    ]
                  },
                  "from_port": {
                    "references": [
                      "var.computed_egress_with_prefix_list_ids",
                      "count.index",
                      "var.rules",
                      "var.computed_egress_with_prefix_list_ids",
                      "count.index"
                    ]
                  },
                  "prefix_list_ids": {
                    "references": [
                      "var.egress_prefix_list_ids"
                    ]
                  },
                  "protocol": {
                    "references": [
                      "var.computed_egress_with_prefix_list_ids",
                      "count.index",
                      "var.rules",
                      "var.computed_egress_with_prefix_list_ids",
                      "count.index"
                    ]
                  },
                  "security_group_id": {
                    "references": [
                      "local.this_sg_id"
                    ]
                  },
                  "source_security_group_id": {
                    "references": [
                      "var.computed_egress_with_prefix_list_ids",
                      "count.index"
                    ]
                  },
                  "to_port": {
                    "references": [
                      "var.computed_egress_with_prefix_list_ids",
                      "count.index",
                      "var.rules",
                      "var.computed_egress_with_prefix_list_ids",
                      "count.index"
                    ]
                  },
                  "type": {
                    "constant_value": "egress"
                  }
                },
                "schema_version": 2,
                "count_expression": {
                  "references": [
                    "var.create",
                    "var.number_of_computed_egress_with_prefix_list_ids"
                  ]
                }
              },
              {
                "address": "aws_security_group_rule.computed_egress_with_self",
                "mode": "managed",
                "type": "aws_security_group_rule",
                "name": "computed_egress_with_self",
                "provider_config_key": "aws",
                "expressions": {
                  "description": {
                    "references": [
                      "var.computed_egress_with_self",
                      "count.index"
                    ]
                  },
                  "from_port": {
                    "references": [
                      "var.computed_egress_with_self",
                      "count.index",
                      "var.rules",
                      "var.computed_egress_with_self",
                      "count.index"
                    ]
                  },
                  "prefix_list_ids": {
                    "references": [
                      "var.egress_prefix_list_ids"
                    ]
                  },
                  "protocol": {
                    "references": [
                      "var.computed_egress_with_self",
                      "count.index",
                      "var.rules",
                      "var.computed_egress_with_self",
                      "count.index"
                    ]
                  },
                  "security_group_id": {
                    "references": [
                      "local.this_sg_id"
                    ]
                  },
                  "self": {
                    "references": [
                      "var.computed_egress_with_self",
                      "count.index"
                    ]
                  },
                  "to_port": {
                    "references": [
                      "var.computed_egress_with_self",
                      "count.index",
                      "var.rules",
                      "var.computed_egress_with_self",
                      "count.index"
                    ]
                  },
                  "type": {
                    "constant_value": "egress"
                  }
                },
                "schema_version": 2,
                "count_expression": {
                  "references": [
                    "local.create",
                    "var.number_of_computed_egress_with_self"
                  ]
                }
              },
              {
                "address": "aws_security_group_rule.computed_egress_with_source_security_group_id",
                "mode": "managed",
                "type": "aws_security_group_rule",
                "name": "computed_egress_with_source_security_group_id",
                "provider_config_key": "aws",
                "expressions": {
                  "description": {
                    "references": [
                      "var.computed_egress_with_source_security_group_id",
                      "count.index"
                    ]
                  },
                  "from_port": {
                    "references": [
                      "var.computed_egress_with_source_security_group_id",
                      "count.index",
                      "var.rules",
                      "var.computed_egress_with_source_security_group_id",
                      "count.index"
                    ]
                  },
                  "prefix_list_ids": {
                    "references": [
                      "var.egress_prefix_list_ids"
                    ]
                  },
                  "protocol": {
                    "references": [
                      "var.computed_egress_with_source_security_group_id",
                      "count.index",
                      "var.rules",
                      "var.computed_egress_with_source_security_group_id",
                      "count.index"
                    ]
                  },
                  "security_group_id": {
                    "references": [
                      "local.this_sg_id"
                    ]
                  },
                  "source_security_group_id": {
                    "references": [
                      "var.computed_egress_with_source_security_group_id",
                      "count.index"
                    ]
                  },
                  "to_port": {
                    "references": [
                      "var.computed_egress_with_source_security_group_id",
                      "count.index",
                      "var.rules",
                      "var.computed_egress_with_source_security_group_id",
                      "count.index"
                    ]
                  },
                  "type": {
                    "constant_value": "egress"
                  }
                },
                "schema_version": 2,
                "count_expression": {
                  "references": [
                    "local.create",
                    "var.number_of_computed_egress_with_source_security_group_id"
                  ]
                }
              },
              {
                "address": "aws_security_group_rule.computed_ingress_rules",
                "mode": "managed",
                "type": "aws_security_group_rule",
                "name": "computed_ingress_rules",
                "provider_config_key": "aws",
                "expressions": {
                  "cidr_blocks": {
                    "references": [
                      "var.ingress_cidr_blocks"
                    ]
                  },
                  "description": {
                    "references": [
                      "var.rules",
                      "var.computed_ingress_rules",
                      "count.index"
                    ]
                  },
                  "from_port": {
                    "references": [
                      "var.rules",
                      "var.computed_ingress_rules",
                      "count.index"
                    ]
                  },
                  "ipv6_cidr_blocks": {
                    "references": [
                      "var.ingress_ipv6_cidr_blocks"
                    ]
                  },
                  "prefix_list_ids": {
                    "references": [
                      "var.ingress_prefix_list_ids"
                    ]
                  },
                  "protocol": {
                    "references": [
                      "var.rules",
                      "var.computed_ingress_rules",
                      "count.index"
                    ]
                  },
                  "security_group_id": {
                    "references": [
                      "local.this_sg_id"
                    ]
                  },
                  "to_port": {
                    "references": [
                      "var.rules",
                      "var.computed_ingress_rules",
                      "count.index"
                    ]
                  },
                  "type": {
                    "constant_value": "ingress"
                  }
                },
                "schema_version": 2,
                "count_expression": {
                  "references": [
                    "local.create",
                    "var.number_of_computed_ingress_rules"
                  ]
                }
              },
              {
                "address": "aws_security_group_rule.computed_ingress_with_cidr_blocks",
                "mode": "managed",
                "type": "aws_security_group_rule",
                "name": "computed_ingress_with_cidr_blocks",
                "provider_config_key": "aws",
                "expressions": {
                  "cidr_blocks": {
                    "references": [
                      "var.computed_ingress_with_cidr_blocks",
                      "count.index",
                      "var.ingress_cidr_blocks"
                    ]
                  },
                  "description": {
                    "references": [
                      "var.computed_ingress_with_cidr_blocks",
                      "count.index"
                    ]
                  },
                  "from_port": {
                    "references": [
                      "var.computed_ingress_with_cidr_blocks",
                      "count.index",
                      "var.rules",
                      "var.computed_ingress_with_cidr_blocks",
                      "count.index"
                    ]
                  },
                  "prefix_list_ids": {
                    "references": [
                      "var.ingress_prefix_list_ids"
                    ]
                  },
                  "protocol": {
                    "references": [
                      "var.computed_ingress_with_cidr_blocks",
                      "count.index",
                      "var.rules",
                      "var.computed_ingress_with_cidr_blocks",
                      "count.index"
                    ]
                  },
                  "security_group_id": {
                    "references": [
                      "local.this_sg_id"
                    ]
                  },
                  "to_port": {
                    "references": [
                      "var.computed_ingress_with_cidr_blocks",
                      "count.index",
                      "var.rules",
                      "var.computed_ingress_with_cidr_blocks",
                      "count.index"
                    ]
                  },
                  "type": {
                    "constant_value": "ingress"
                  }
                },
                "schema_version": 2,
                "count_expression": {
                  "references": [
                    "local.create",
                    "var.number_of_computed_ingress_with_cidr_blocks"
                  ]
                }
              },
              {
                "address": "aws_security_group_rule.computed_ingress_with_ipv6_cidr_blocks",
                "mode": "managed",
                "type": "aws_security_group_rule",
                "name": "computed_ingress_with_ipv6_cidr_blocks",
                "provider_config_key": "aws",
                "expressions": {
                  "description": {
                    "references": [
                      "var.computed_ingress_with_ipv6_cidr_blocks",
                      "count.index"
                    ]
                  },
                  "from_port": {
                    "references": [
                      "var.computed_ingress_with_ipv6_cidr_blocks",
                      "count.index",
                      "var.rules",
                      "var.computed_ingress_with_ipv6_cidr_blocks",
                      "count.index"
                    ]
                  },
                  "ipv6_cidr_blocks": {
                    "references": [
                      "var.computed_ingress_with_ipv6_cidr_blocks",
                      "count.index",
                      "var.ingress_ipv6_cidr_blocks"
                    ]
                  },
                  "prefix_list_ids": {
                    "references": [
                      "var.ingress_prefix_list_ids"
                    ]
                  },
                  "protocol": {
                    "references": [
                      "var.computed_ingress_with_ipv6_cidr_blocks",
                      "count.index",
                      "var.rules",
                      "var.computed_ingress_with_ipv6_cidr_blocks",
                      "count.index"
                    ]
                  },
                  "security_group_id": {
                    "references": [
                      "local.this_sg_id"
                    ]
                  },
                  "to_port": {
                    "references": [
                      "var.computed_ingress_with_ipv6_cidr_blocks",
                      "count.index",
                      "var.rules",
                      "var.computed_ingress_with_ipv6_cidr_blocks",
                      "count.index"
                    ]
                  },
                  "type": {
                    "constant_value": "ingress"
                  }
                },
                "schema_version": 2,
                "count_expression": {
                  "references": [
                    "local.create",
                    "var.number_of_computed_ingress_with_ipv6_cidr_blocks"
                  ]
                }
              },
              {
                "address": "aws_security_group_rule.computed_ingress_with_prefix_list_ids",
                "mode": "managed",
                "type": "aws_security_group_rule",
                "name": "computed_ingress_with_prefix_list_ids",
                "provider_config_key": "aws",
                "expressions": {
                  "description": {
                    "references": [
                      "var.ingress_with_prefix_list_ids",
                      "count.index"
                    ]
                  },
                  "from_port": {
                    "references": [
                      "var.ingress_with_prefix_list_ids",
                      "count.index",
                      "var.rules",
                      "var.ingress_with_prefix_list_ids",
                      "count.index"
                    ]
                  },
                  "prefix_list_ids": {
                    "references": [
                      "var.ingress_prefix_list_ids"
                    ]
                  },
                  "protocol": {
                    "references": [
                      "var.ingress_with_prefix_list_ids",
                      "count.index",
                      "var.rules",
                      "var.ingress_with_prefix_list_ids",
                      "count.index"
                    ]
                  },
                  "security_group_id": {
                    "references": [
                      "local.this_sg_id"
                    ]
                  },
                  "to_port": {
                    "references": [
                      "var.ingress_with_prefix_list_ids",
                      "count.index",
                      "var.rules",
                      "var.ingress_with_prefix_list_ids",
                      "count.index"
                    ]
                  },
                  "type": {
                    "constant_value": "ingress"
                  }
                },
                "schema_version": 2,
                "count_expression": {
                  "references": [
                    "var.create",
                    "var.number_of_computed_ingress_with_prefix_list_ids"
                  ]
                }
              },
              {
                "address": "aws_security_group_rule.computed_ingress_with_self",
                "mode": "managed",
                "type": "aws_security_group_rule",
                "name": "computed_ingress_with_self",
                "provider_config_key": "aws",
                "expressions": {
                  "description": {
                    "references": [
                      "var.computed_ingress_with_self",
                      "count.index"
                    ]
                  },
                  "from_port": {
                    "references": [
                      "var.computed_ingress_with_self",
                      "count.index",
                      "var.rules",
                      "var.computed_ingress_with_self",
                      "count.index"
                    ]
                  },
                  "prefix_list_ids": {
                    "references": [
                      "var.ingress_prefix_list_ids"
                    ]
                  },
                  "protocol": {
                    "references": [
                      "var.computed_ingress_with_self",
                      "count.index",
                      "var.rules",
                      "var.computed_ingress_with_self",
                      "count.index"
                    ]
                  },
                  "security_group_id": {
                    "references": [
                      "local.this_sg_id"
                    ]
                  },
                  "self": {
                    "references": [
                      "var.computed_ingress_with_self",
                      "count.index"
                    ]
                  },
                  "to_port": {
                    "references": [
                      "var.computed_ingress_with_self",
                      "count.index",
                      "var.rules",
                      "var.computed_ingress_with_self",
                      "count.index"
                    ]
                  },
                  "type": {
                    "constant_value": "ingress"
                  }
                },
                "schema_version": 2,
                "count_expression": {
                  "references": [
                    "local.create",
                    "var.number_of_computed_ingress_with_self"
                  ]
                }
              },
              {
                "address": "aws_security_group_rule.computed_ingress_with_source_security_group_id",
                "mode": "managed",
                "type": "aws_security_group_rule",
                "name": "computed_ingress_with_source_security_group_id",
                "provider_config_key": "aws",
                "expressions": {
                  "description": {
                    "references": [
                      "var.computed_ingress_with_source_security_group_id",
                      "count.index"
                    ]
                  },
                  "from_port": {
                    "references": [
                      "var.computed_ingress_with_source_security_group_id",
                      "count.index",
                      "var.rules",
                      "var.computed_ingress_with_source_security_group_id",
                      "count.index"
                    ]
                  },
                  "prefix_list_ids": {
                    "references": [
                      "var.ingress_prefix_list_ids"
                    ]
                  },
                  "protocol": {
                    "references": [
                      "var.computed_ingress_with_source_security_group_id",
                      "count.index",
                      "var.rules",
                      "var.computed_ingress_with_source_security_group_id",
                      "count.index"
                    ]
                  },
                  "security_group_id": {
                    "references": [
                      "local.this_sg_id"
                    ]
                  },
                  "source_security_group_id": {
                    "references": [
                      "var.computed_ingress_with_source_security_group_id",
                      "count.index"
                    ]
                  },
                  "to_port": {
                    "references": [
                      "var.computed_ingress_with_source_security_group_id",
                      "count.index",
                      "var.rules",
                      "var.computed_ingress_with_source_security_group_id",
                      "count.index"
                    ]
                  },
                  "type": {
                    "constant_value": "ingress"
                  }
                },
                "schema_version": 2,
                "count_expression": {
                  "references": [
                    "local.create",
                    "var.number_of_computed_ingress_with_source_security_group_id"
                  ]
                }
              },
              {
                "address": "aws_security_group_rule.egress_rules",
                "mode": "managed",
                "type": "aws_security_group_rule",
                "name": "egress_rules",
                "provider_config_key": "aws",
                "expressions": {
                  "cidr_blocks": {
                    "references": [
                      "var.egress_cidr_blocks"
                    ]
                  },
                  "description": {
                    "references": [
                      "var.rules",
                      "var.egress_rules",
                      "count.index"
                    ]
                  },
                  "from_port": {
                    "references": [
                      "var.rules",
                      "var.egress_rules",
                      "count.index"
                    ]
                  },
                  "ipv6_cidr_blocks": {
                    "references": [
                      "var.egress_ipv6_cidr_blocks"
                    ]
                  },
                  "prefix_list_ids": {
                    "references": [
                      "var.egress_prefix_list_ids"
                    ]
                  },
                  "protocol": {
                    "references": [
                      "var.rules",
                      "var.egress_rules",
                      "count.index"
                    ]
                  },
                  "security_group_id": {
                    "references": [
                      "local.this_sg_id"
                    ]
                  },
                  "to_port": {
                    "references": [
                      "var.rules",
                      "var.egress_rules",
                      "count.index"
                    ]
                  },
                  "type": {
                    "constant_value": "egress"
                  }
                },
                "schema_version": 2,
                "count_expression": {
                  "references": [
                    "local.create",
                    "var.egress_rules"
                  ]
                }
              },
              {
                "address": "aws_security_group_rule.egress_with_cidr_blocks",
                "mode": "managed",
                "type": "aws_security_group_rule",
                "name": "egress_with_cidr_blocks",
                "provider_config_key": "aws",
                "expressions": {
                  "cidr_blocks": {
                    "references": [
                      "var.egress_with_cidr_blocks",
                      "count.index",
                      "var.egress_cidr_blocks"
                    ]
                  },
                  "description": {
                    "references": [
                      "var.egress_with_cidr_blocks",
                      "count.index"
                    ]
                  },
                  "from_port": {
                    "references": [
                      "var.egress_with_cidr_blocks",
                      "count.index",
                      "var.rules",
                      "var.egress_with_cidr_blocks",
                      "count.index"
                    ]
                  },
                  "prefix_list_ids": {
                    "references": [
                      "var.egress_prefix_list_ids"
                    ]
                  },
                  "protocol": {
                    "references": [
                      "var.egress_with_cidr_blocks",
                      "count.index",
                      "var.rules",
                      "var.egress_with_cidr_blocks",
                      "count.index"
                    ]
                  },
                  "security_group_id": {
                    "references": [
                      "local.this_sg_id"
                    ]
                  },
                  "to_port": {
                    "references": [
                      "var.egress_with_cidr_blocks",
                      "count.index",
                      "var.rules",
                      "var.egress_with_cidr_blocks",
                      "count.index"
                    ]
                  },
                  "type": {
                    "constant_value": "egress"
                  }
                },
                "schema_version": 2,
                "count_expression": {
                  "references": [
                    "local.create",
                    "var.egress_with_cidr_blocks"
                  ]
                }
              },
              {
                "address": "aws_security_group_rule.egress_with_ipv6_cidr_blocks",
                "mode": "managed",
                "type": "aws_security_group_rule",
                "name": "egress_with_ipv6_cidr_blocks",
                "provider_config_key": "aws",
                "expressions": {
                  "description": {
                    "references": [
                      "var.egress_with_ipv6_cidr_blocks",
                      "count.index"
                    ]
                  },
                  "from_port": {
                    "references": [
                      "var.egress_with_ipv6_cidr_blocks",
                      "count.index",
                      "var.rules",
                      "var.egress_with_ipv6_cidr_blocks",
                      "count.index"
                    ]
                  },
                  "ipv6_cidr_blocks": {
                    "references": [
                      "var.egress_with_ipv6_cidr_blocks",
                      "count.index",
                      "var.egress_ipv6_cidr_blocks"
                    ]
                  },
                  "prefix_list_ids": {
                    "references": [
                      "var.egress_prefix_list_ids"
                    ]
                  },
                  "protocol": {
                    "references": [
                      "var.egress_with_ipv6_cidr_blocks",
                      "count.index",
                      "var.rules",
                      "var.egress_with_ipv6_cidr_blocks",
                      "count.index"
                    ]
                  },
                  "security_group_id": {
                    "references": [
                      "local.this_sg_id"
                    ]
                  },
                  "to_port": {
                    "references": [
                      "var.egress_with_ipv6_cidr_blocks",
                      "count.index",
                      "var.rules",
                      "var.egress_with_ipv6_cidr_blocks",
                      "count.index"
                    ]
                  },
                  "type": {
                    "constant_value": "egress"
                  }
                },
                "schema_version": 2,
                "count_expression": {
                  "references": [
                    "local.create",
                    "var.egress_with_ipv6_cidr_blocks"
                  ]
                }
              },
              {
                "address": "aws_security_group_rule.egress_with_prefix_list_ids",
                "mode": "managed",
                "type": "aws_security_group_rule",
                "name": "egress_with_prefix_list_ids",
                "provider_config_key": "aws",
                "expressions": {
                  "description": {
                    "references": [
                      "var.egress_with_prefix_list_ids",
                      "count.index"
                    ]
                  },
                  "from_port": {
                    "references": [
                      "var.egress_with_prefix_list_ids",
                      "count.index",
                      "var.rules",
                      "var.egress_with_prefix_list_ids",
                      "count.index"
                    ]
                  },
                  "prefix_list_ids": {
                    "references": [
                      "var.egress_prefix_list_ids"
                    ]
                  },
                  "protocol": {
                    "references": [
                      "var.egress_with_prefix_list_ids",
                      "count.index",
                      "var.rules",
                      "var.egress_with_prefix_list_ids",
                      "count.index"
                    ]
                  },
                  "security_group_id": {
                    "references": [
                      "local.this_sg_id"
                    ]
                  },
                  "to_port": {
                    "references": [
                      "var.egress_with_prefix_list_ids",
                      "count.index",
                      "var.rules",
                      "var.egress_with_prefix_list_ids",
                      "count.index"
                    ]
                  },
                  "type": {
                    "constant_value": "egress"
                  }
                },
                "schema_version": 2,
                "count_expression": {
                  "references": [
                    "var.create",
                    "var.egress_with_prefix_list_ids"
                  ]
                }
              },
              {
                "address": "aws_security_group_rule.egress_with_self",
                "mode": "managed",
                "type": "aws_security_group_rule",
                "name": "egress_with_self",
                "provider_config_key": "aws",
                "expressions": {
                  "description": {
                    "references": [
                      "var.egress_with_self",
                      "count.index"
                    ]
                  },
                  "from_port": {
                    "references": [
                      "var.egress_with_self",
                      "count.index",
                      "var.rules",
                      "var.egress_with_self",
                      "count.index"
                    ]
                  },
                  "prefix_list_ids": {
                    "references": [
                      "var.egress_prefix_list_ids"
                    ]
                  },
                  "protocol": {
                    "references": [
                      "var.egress_with_self",
                      "count.index",
                      "var.rules",
                      "var.egress_with_self",
                      "count.index"
                    ]
                  },
                  "security_group_id": {
                    "references": [
                      "local.this_sg_id"
                    ]
                  },
                  "self": {
                    "references": [
                      "var.egress_with_self",
                      "count.index"
                    ]
                  },
                  "to_port": {
                    "references": [
                      "var.egress_with_self",
                      "count.index",
                      "var.rules",
                      "var.egress_with_self",
                      "count.index"
                    ]
                  },
                  "type": {
                    "constant_value": "egress"
                  }
                },
                "schema_version": 2,
                "count_expression": {
                  "references": [
                    "local.create",
                    "var.egress_with_self"
                  ]
                }
              },
              {
                "address": "aws_security_group_rule.egress_with_source_security_group_id",
                "mode": "managed",
                "type": "aws_security_group_rule",
                "name": "egress_with_source_security_group_id",
                "provider_config_key": "aws",
                "expressions": {
                  "description": {
                    "references": [
                      "var.egress_with_source_security_group_id",
                      "count.index"
                    ]
                  },
                  "from_port": {
                    "references": [
                      "var.egress_with_source_security_group_id",
                      "count.index",
                      "var.rules",
                      "var.egress_with_source_security_group_id",
                      "count.index"
                    ]
                  },
                  "prefix_list_ids": {
                    "references": [
                      "var.egress_prefix_list_ids"
                    ]
                  },
                  "protocol": {
                    "references": [
                      "var.egress_with_source_security_group_id",
                      "count.index",
                      "var.rules",
                      "var.egress_with_source_security_group_id",
                      "count.index"
                    ]
                  },
                  "security_group_id": {
                    "references": [
                      "local.this_sg_id"
                    ]
                  },
                  "source_security_group_id": {
                    "references": [
                      "var.egress_with_source_security_group_id",
                      "count.index"
                    ]
                  },
                  "to_port": {
                    "references": [
                      "var.egress_with_source_security_group_id",
                      "count.index",
                      "var.rules",
                      "var.egress_with_source_security_group_id",
                      "count.index"
                    ]
                  },
                  "type": {
                    "constant_value": "egress"
                  }
                },
                "schema_version": 2,
                "count_expression": {
                  "references": [
                    "local.create",
                    "var.egress_with_source_security_group_id"
                  ]
                }
              },
              {
                "address": "aws_security_group_rule.ingress_rules",
                "mode": "managed",
                "type": "aws_security_group_rule",
                "name": "ingress_rules",
                "provider_config_key": "aws",
                "expressions": {
                  "cidr_blocks": {
                    "references": [
                      "var.ingress_cidr_blocks"
                    ]
                  },
                  "description": {
                    "references": [
                      "var.rules",
                      "var.ingress_rules",
                      "count.index"
                    ]
                  },
                  "from_port": {
                    "references": [
                      "var.rules",
                      "var.ingress_rules",
                      "count.index"
                    ]
                  },
                  "ipv6_cidr_blocks": {
                    "references": [
                      "var.ingress_ipv6_cidr_blocks"
                    ]
                  },
                  "prefix_list_ids": {
                    "references": [
                      "var.ingress_prefix_list_ids"
                    ]
                  },
                  "protocol": {
                    "references": [
                      "var.rules",
                      "var.ingress_rules",
                      "count.index"
                    ]
                  },
                  "security_group_id": {
                    "references": [
                      "local.this_sg_id"
                    ]
                  },
                  "to_port": {
                    "references": [
                      "var.rules",
                      "var.ingress_rules",
                      "count.index"
                    ]
                  },
                  "type": {
                    "constant_value": "ingress"
                  }
                },
                "schema_version": 2,
                "count_expression": {
                  "references": [
                    "local.create",
                    "var.ingress_rules"
                  ]
                }
              },
              {
                "address": "aws_security_group_rule.ingress_with_cidr_blocks",
                "mode": "managed",
                "type": "aws_security_group_rule",
                "name": "ingress_with_cidr_blocks",
                "provider_config_key": "aws",
                "expressions": {
                  "cidr_blocks": {
                    "references": [
                      "var.ingress_with_cidr_blocks",
                      "count.index",
                      "var.ingress_cidr_blocks"
                    ]
                  },
                  "description": {
                    "references": [
                      "var.ingress_with_cidr_blocks",
                      "count.index"
                    ]
                  },
                  "from_port": {
                    "references": [
                      "var.ingress_with_cidr_blocks",
                      "count.index",
                      "var.rules",
                      "var.ingress_with_cidr_blocks",
                      "count.index"
                    ]
                  },
                  "prefix_list_ids": {
                    "references": [
                      "var.ingress_prefix_list_ids"
                    ]
                  },
                  "protocol": {
                    "references": [
                      "var.ingress_with_cidr_blocks",
                      "count.index",
                      "var.rules",
                      "var.ingress_with_cidr_blocks",
                      "count.index"
                    ]
                  },
                  "security_group_id": {
                    "references": [
                      "local.this_sg_id"
                    ]
                  },
                  "to_port": {
                    "references": [
                      "var.ingress_with_cidr_blocks",
                      "count.index",
                      "var.rules",
                      "var.ingress_with_cidr_blocks",
                      "count.index"
                    ]
                  },
                  "type": {
                    "constant_value": "ingress"
                  }
                },
                "schema_version": 2,
                "count_expression": {
                  "references": [
                    "local.create",
                    "var.ingress_with_cidr_blocks"
                  ]
                }
              },
              {
                "address": "aws_security_group_rule.ingress_with_ipv6_cidr_blocks",
                "mode": "managed",
                "type": "aws_security_group_rule",
                "name": "ingress_with_ipv6_cidr_blocks",
                "provider_config_key": "aws",
                "expressions": {
                  "description": {
                    "references": [
                      "var.ingress_with_ipv6_cidr_blocks",
                      "count.index"
                    ]
                  },
                  "from_port": {
                    "references": [
                      "var.ingress_with_ipv6_cidr_blocks",
                      "count.index",
                      "var.rules",
                      "var.ingress_with_ipv6_cidr_blocks",
                      "count.index"
                    ]
                  },
                  "ipv6_cidr_blocks": {
                    "references": [
                      "var.ingress_with_ipv6_cidr_blocks",
                      "count.index",
                      "var.ingress_ipv6_cidr_blocks"
                    ]
                  },
                  "prefix_list_ids": {
                    "references": [
                      "var.ingress_prefix_list_ids"
                    ]
                  },
                  "protocol": {
                    "references": [
                      "var.ingress_with_ipv6_cidr_blocks",
                      "count.index",
                      "var.rules",
                      "var.ingress_with_ipv6_cidr_blocks",
                      "count.index"
                    ]
                  },
                  "security_group_id": {
                    "references": [
                      "local.this_sg_id"
                    ]
                  },
                  "to_port": {
                    "references": [
                      "var.ingress_with_ipv6_cidr_blocks",
                      "count.index",
                      "var.rules",
                      "var.ingress_with_ipv6_cidr_blocks",
                      "count.index"
                    ]
                  },
                  "type": {
                    "constant_value": "ingress"
                  }
                },
                "schema_version": 2,
                "count_expression": {
                  "references": [
                    "local.create",
                    "var.ingress_with_ipv6_cidr_blocks"
                  ]
                }
              },
              {
                "address": "aws_security_group_rule.ingress_with_prefix_list_ids",
                "mode": "managed",
                "type": "aws_security_group_rule",
                "name": "ingress_with_prefix_list_ids",
                "provider_config_key": "aws",
                "expressions": {
                  "description": {
                    "references": [
                      "var.ingress_with_prefix_list_ids",
                      "count.index"
                    ]
                  },
                  "from_port": {
                    "references": [
                      "var.ingress_with_prefix_list_ids",
                      "count.index",
                      "var.rules",
                      "var.ingress_with_prefix_list_ids",
                      "count.index"
                    ]
                  },
                  "prefix_list_ids": {
                    "references": [
                      "var.ingress_prefix_list_ids"
                    ]
                  },
                  "protocol": {
                    "references": [
                      "var.ingress_with_prefix_list_ids",
                      "count.index",
                      "var.rules",
                      "var.ingress_with_prefix_list_ids",
                      "count.index"
                    ]
                  },
                  "security_group_id": {
                    "references": [
                      "local.this_sg_id"
                    ]
                  },
                  "to_port": {
                    "references": [
                      "var.ingress_with_prefix_list_ids",
                      "count.index",
                      "var.rules",
                      "var.ingress_with_prefix_list_ids",
                      "count.index"
                    ]
                  },
                  "type": {
                    "constant_value": "ingress"
                  }
                },
                "schema_version": 2,
                "count_expression": {
                  "references": [
                    "var.create",
                    "var.ingress_with_prefix_list_ids"
                  ]
                }
              },
              {
                "address": "aws_security_group_rule.ingress_with_self",
                "mode": "managed",
                "type": "aws_security_group_rule",
                "name": "ingress_with_self",
                "provider_config_key": "aws",
                "expressions": {
                  "description": {
                    "references": [
                      "var.ingress_with_self",
                      "count.index"
                    ]
                  },
                  "from_port": {
                    "references": [
                      "var.ingress_with_self",
                      "count.index",
                      "var.rules",
                      "var.ingress_with_self",
                      "count.index"
                    ]
                  },
                  "prefix_list_ids": {
                    "references": [
                      "var.ingress_prefix_list_ids"
                    ]
                  },
                  "protocol": {
                    "references": [
                      "var.ingress_with_self",
                      "count.index",
                      "var.rules",
                      "var.ingress_with_self",
                      "count.index"
                    ]
                  },
                  "security_group_id": {
                    "references": [
                      "local.this_sg_id"
                    ]
                  },
                  "self": {
                    "references": [
                      "var.ingress_with_self",
                      "count.index"
                    ]
                  },
                  "to_port": {
                    "references": [
                      "var.ingress_with_self",
                      "count.index",
                      "var.rules",
                      "var.ingress_with_self",
                      "count.index"
                    ]
                  },
                  "type": {
                    "constant_value": "ingress"
                  }
                },
                "schema_version": 2,
                "count_expression": {
                  "references": [
                    "local.create",
                    "var.ingress_with_self"
                  ]
                }
              },
              {
                "address": "aws_security_group_rule.ingress_with_source_security_group_id",
                "mode": "managed",
                "type": "aws_security_group_rule",
                "name": "ingress_with_source_security_group_id",
                "provider_config_key": "aws",
                "expressions": {
                  "description": {
                    "references": [
                      "var.ingress_with_source_security_group_id",
                      "count.index"
                    ]
                  },
                  "from_port": {
                    "references": [
                      "var.ingress_with_source_security_group_id",
                      "count.index",
                      "var.rules",
                      "var.ingress_with_source_security_group_id",
                      "count.index"
                    ]
                  },
                  "prefix_list_ids": {
                    "references": [
                      "var.ingress_prefix_list_ids"
                    ]
                  },
                  "protocol": {
                    "references": [
                      "var.ingress_with_source_security_group_id",
                      "count.index",
                      "var.rules",
                      "var.ingress_with_source_security_group_id",
                      "count.index"
                    ]
                  },
                  "security_group_id": {
                    "references": [
                      "local.this_sg_id"
                    ]
                  },
                  "source_security_group_id": {
                    "references": [
                      "var.ingress_with_source_security_group_id",
                      "count.index"
                    ]
                  },
                  "to_port": {
                    "references": [
                      "var.ingress_with_source_security_group_id",
                      "count.index",
                      "var.rules",
                      "var.ingress_with_source_security_group_id",
                      "count.index"
                    ]
                  },
                  "type": {
                    "constant_value": "ingress"
                  }
                },
                "schema_version": 2,
                "count_expression": {
                  "references": [
                    "local.create",
                    "var.ingress_with_source_security_group_id"
                  ]
                }
              }
            ],
            "variables": {
              "auto_groups": {
                "default": {
                  "activemq": {
                    "egress_rules": [
                      "all-all"
                    ],
                    "ingress_rules": [
                      "activemq-5671-tcp",
                      "activemq-8883-tcp",
                      "activemq-61614-tcp",
                      "activemq-61617-tcp",
                      "activemq-61619-tcp"
                    ],
                    "ingress_with_self": [
                      "all-all"
                    ]
                  },
                  "alertmanager": {
                    "egress_rules": [
                      "all-all"
                    ],
                    "ingress_rules": [
                      "alertmanager-9093-tcp",
                      "alertmanager-9094-tcp"
                    ],
                    "ingress_with_self": [
                      "all-all"
                    ]
                  },
                  "carbon-relay-ng": {
                    "egress_rules": [
                      "all-all"
                    ],
                    "ingress_rules": [
                      "carbon-line-in-tcp",
                      "carbon-line-in-udp",
                      "carbon-pickle-tcp",
                      "carbon-pickle-udp",
                      "carbon-gui-udp"
                    ],
                    "ingress_with_self": [
                      "all-all"
                    ]
                  },
                  "cassandra": {
                    "egress_rules": [
                      "all-all"
                    ],
                    "ingress_rules": [
                      "cassandra-clients-tcp",
                      "cassandra-thrift-clients-tcp",
                      "cassandra-jmx-tcp"
                    ],
                    "ingress_with_self": [
                      "all-all"
                    ]
                  },
                  "consul": {
                    "egress_rules": [
                      "all-all"
                    ],
                    "ingress_rules": [
                      "consul-tcp",
                      "consul-grpc-tcp",
                      "consul-grpc-tcp-tls",
                      "consul-webui-http-tcp",
                      "consul-webui-https-tcp",
                      "consul-dns-tcp",
                      "consul-dns-udp",
                      "consul-serf-lan-tcp",
                      "consul-serf-lan-udp",
                      "consul-serf-wan-tcp",
                      "consul-serf-wan-udp"
                    ],
                    "ingress_with_self": [
                      "all-all"
                    ]
                  },
                  "dax-cluster": {
                    "egress_rules": [
                      "all-all"
                    ],
                    "ingress_rules": [
                      "dax-cluster-unencrypted-tcp",
                      "dax-cluster-encrypted-tcp"
                    ],
                    "ingress_with_self": [
                      "all-all"
                    ]
                  },
                  "docker-swarm": {
                    "egress_rules": [
                      "all-all"
                    ],
                    "ingress_rules": [
                      "docker-swarm-mngmt-tcp",
                      "docker-swarm-node-tcp",
                      "docker-swarm-node-udp",
                      "docker-swarm-overlay-udp"
                    ],
                    "ingress_with_self": [
                      "all-all"
                    ]
                  },
                  "elasticsearch": {
                    "egress_rules": [
                      "all-all"
                    ],
                    "ingress_rules": [
                      "elasticsearch-rest-tcp",
                      "elasticsearch-java-tcp"
                    ],
                    "ingress_with_self": [
                      "all-all"
                    ]
                  },
                  "etcd": {
                    "egress_rules": [
                      "all-all"
                    ],
                    "ingress_rules": [
                      "etcd-client-tcp",
                      "etcd-peer-tcp"
                    ],
                    "ingress_with_self": [
                      "all-all"
                    ]
                  },
                  "grafana": {
                    "egress_rules": [
                      "all-all"
                    ],
                    "ingress_rules": [
                      "grafana-tcp"
                    ],
                    "ingress_with_self": [
                      "all-all"
                    ]
                  },
                  "graphite-statsd": {
                    "egress_rules": [
                      "all-all"
                    ],
                    "ingress_rules": [
                      "graphite-webui",
                      "graphite-2003-tcp",
                      "graphite-2004-tcp",
                      "graphite-2023-tcp",
                      "graphite-2024-tcp",
                      "graphite-8080-tcp",
                      "graphite-8125-tcp",
                      "graphite-8125-udp",
                      "graphite-8126-tcp"
                    ],
                    "ingress_with_self": [
                      "all-all"
                    ]
                  },
                  "http-80": {
                    "egress_rules": [
                      "all-all"
                    ],
                    "ingress_rules": [
                      "http-80-tcp"
                    ],
                    "ingress_with_self": [
                      "all-all"
                    ]
                  },
                  "http-8080": {
                    "egress_rules": [
                      "all-all"
                    ],
                    "ingress_rules": [
                      "http-8080-tcp"
                    ],
                    "ingress_with_self": [
                      "all-all"
                    ]
                  },
                  "https-443": {
                    "egress_rules": [
                      "all-all"
                    ],
                    "ingress_rules": [
                      "https-443-tcp"
                    ],
                    "ingress_with_self": [
                      "all-all"
                    ]
                  },
                  "https-8443": {
                    "egress_rules": [
                      "all-all"
                    ],
                    "ingress_rules": [
                      "https-8443-tcp"
                    ],
                    "ingress_with_self": [
                      "all-all"
                    ]
                  },
                  "ipsec-4500": {
                    "egress_rules": [
                      "all-all"
                    ],
                    "ingress_rules": [
                      "ipsec-4500-udp"
                    ],
                    "ingress_with_self": [
                      "all-all"
                    ]
                  },
                  "ipsec-500": {
                    "egress_rules": [
                      "all-all"
                    ],
                    "ingress_rules": [
                      "ipsec-500-udp"
                    ],
                    "ingress_with_self": [
                      "all-all"
                    ]
                  },
                  "kafka": {
                    "egress_rules": [
                      "all-all"
                    ],
                    "ingress_rules": [
                      "kafka-broker-tcp",
                      "kafka-broker-tls-tcp",
                      "kafka-broker-tls-public-tcp",
                      "kafka-broker-sasl-scram-tcp",
                      "kafka-broker-sasl-scram-tcp",
                      "kafka-broker-sasl-iam-tcp",
                      "kafka-broker-sasl-iam-public-tcp",
                      "kafka-jmx-exporter-tcp",
                      "kafka-node-exporter-tcp"
                    ],
                    "ingress_with_self": [
                      "all-all"
                    ]
                  },
                  "kibana": {
                    "egress_rules": [
                      "all-all"
                    ],
                    "ingress_rules": [
                      "kibana-tcp"
                    ],
                    "ingress_with_self": [
                      "all-all"
                    ]
                  },
                  "kubernetes-api": {
                    "egress_rules": [
                      "all-all"
                    ],
                    "ingress_rules": [
                      "kubernetes-api-tcp"
                    ],
                    "ingress_with_self": [
                      "all-all"
                    ]
                  },
                  "ldap": {
                    "egress_rules": [
                      "all-all"
                    ],
                    "ingress_rules": [
                      "ldap-tcp"
                    ],
                    "ingress_with_self": [
                      "all-all"
                    ]
                  },
                  "ldaps": {
                    "egress_rules": [
                      "all-all"
                    ],
                    "ingress_rules": [
                      "ldaps-tcp"
                    ],
                    "ingress_with_self": [
                      "all-all"
                    ]
                  },
                  "logstash": {
                    "egress_rules": [
                      "all-all"
                    ],
                    "ingress_rules": [
                      "logstash-tcp"
                    ],
                    "ingress_with_self": [
                      "all-all"
                    ]
                  },
                  "loki": {
                    "egress_rules": [
                      "all-all"
                    ],
                    "ingress_rules": [
                      "loki-grafana",
                      "loki-grafana-grpc"
                    ],
                    "ingress_with_self": [
                      "all-all"
                    ]
                  },
                  "memcached": {
                    "egress_rules": [
                      "all-all"
                    ],
                    "ingress_rules": [
                      "memcached-tcp"
                    ],
                    "ingress_with_self": [
                      "all-all"
                    ]
                  },
                  "minio": {
                    "egress_rules": [
                      "all-all"
                    ],
                    "ingress_rules": [
                      "minio-tcp"
                    ],
                    "ingress_with_self": [
                      "all-all"
                    ]
                  },
                  "mongodb": {
                    "egress_rules": [
                      "all-all"
                    ],
                    "ingress_rules": [
                      "mongodb-27017-tcp",
                      "mongodb-27018-tcp",
                      "mongodb-27019-tcp"
                    ],
                    "ingress_with_self": [
                      "all-all"
                    ]
                  },
                  "mssql": {
                    "egress_rules": [
                      "all-all"
                    ],
                    "ingress_rules": [
                      "mssql-tcp",
                      "mssql-udp",
                      "mssql-analytics-tcp",
                      "mssql-broker-tcp"
                    ],
                    "ingress_with_self": [
                      "all-all"
                    ]
                  },
                  "mysql": {
                    "egress_rules": [
                      "all-all"
                    ],
                    "ingress_rules": [
                      "mysql-tcp"
                    ],
                    "ingress_with_self": [
                      "all-all"
                    ]
                  },
                  "nfs": {
                    "egress_rules": [
                      "all-all"
                    ],
                    "ingress_rules": [
                      "nfs-tcp"
                    ],
                    "ingress_with_self": [
                      "all-all"
                    ]
                  },
                  "nomad": {
                    "egress_rules": [
                      "all-all"
                    ],
                    "ingress_rules": [
                      "nomad-http-tcp",
                      "nomad-rpc-tcp",
                      "nomad-serf-tcp",
                      "nomad-serf-udp"
                    ],
                    "ingress_with_self": [
                      "all-all"
                    ]
                  },
                  "ntp": {
                    "egress_rules": [
                      "all-all"
                    ],
                    "ingress_rules": [
                      "ntp-udp"
                    ],
                    "ingress_with_self": [
                      "all-all"
                    ]
                  },
                  "openvpn": {
                    "egress_rules": [
                      "all-all"
                    ],
                    "ingress_rules": [
                      "openvpn-udp",
                      "openvpn-tcp",
                      "openvpn-https-tcp"
                    ],
                    "ingress_with_self": [
                      "all-all"
                    ]
                  },
                  "oracle-db": {
                    "egress_rules": [
                      "all-all"
                    ],
                    "ingress_rules": [
                      "oracle-db-tcp"
                    ],
                    "ingress_with_self": [
                      "all-all"
                    ]
                  },
                  "postgresql": {
                    "egress_rules": [
                      "all-all"
                    ],
                    "ingress_rules": [
                      "postgresql-tcp"
                    ],
                    "ingress_with_self": [
                      "all-all"
                    ]
                  },
                  "prometheus": {
                    "egress_rules": [
                      "all-all"
                    ],
                    "ingress_rules": [
                      "prometheus-http-tcp",
                      "prometheus-pushgateway-http-tcp",
                      "prometheus-node-exporter-http-tcp"
                    ],
                    "ingress_with_self": [
                      "all-all"
                    ]
                  },
                  "promtail": {
                    "egress_rules": [
                      "all-all"
                    ],
                    "ingress_rules": [
                      "promtail-http"
                    ],
                    "ingress_with_self": [
                      "all-all"
                    ]
                  },
                  "puppet": {
                    "egress_rules": [
                      "all-all"
                    ],
                    "ingress_rules": [
                      "puppet-tcp",
                      "puppetdb-tcp"
                    ],
                    "ingress_with_self": [
                      "all-all"
                    ]
                  },
                  "rabbitmq": {
                    "egress_rules": [
                      "all-all"
                    ],
                    "ingress_rules": [
                      "rabbitmq-4369-tcp",
                      "rabbitmq-5671-tcp",
                      "rabbitmq-5672-tcp",
                      "rabbitmq-15672-tcp",
                      "rabbitmq-25672-tcp"
                    ],
                    "ingress_with_self": [
                      "all-all"
                    ]
                  },
                  "rdp": {
                    "egress_rules": [
                      "all-all"
                    ],
                    "ingress_rules": [
                      "rdp-tcp",
                      "rdp-udp"
                    ],
                    "ingress_with_self": [
                      "all-all"
                    ]
                  },
                  "redis": {
                    "egress_rules": [
                      "all-all"
                    ],
                    "ingress_rules": [
                      "redis-tcp"
                    ],
                    "ingress_with_self": [
                      "all-all"
                    ]
                  },
                  "redshift": {
                    "egress_rules": [
                      "all-all"
                    ],
                    "ingress_rules": [
                      "redshift-tcp"
                    ],
                    "ingress_with_self": [
                      "all-all"
                    ]
                  },
                  "smtp": {
                    "egress_rules": [
                      "all-all"
                    ],
                    "ingress_rules": [
                      "smtp-tcp"
                    ],
                    "ingress_with_self": [
                      "all-all"
                    ]
                  },
                  "smtp-submission": {
                    "egress_rules": [
                      "all-all"
                    ],
                    "ingress_rules": [
                      "smtp-submission-587-tcp",
                      "smtp-submission-2587-tcp"
                    ],
                    "ingress_with_self": [
                      "all-all"
                    ]
                  },
                  "smtps": {
                    "egress_rules": [
                      "all-all"
                    ],
                    "ingress_rules": [
                      "smtps-465-tcp",
                      "smtps-2465-tcp"
                    ],
                    "ingress_with_self": [
                      "all-all"
                    ]
                  },
                  "solr": {
                    "egress_rules": [
                      "all-all"
                    ],
                    "ingress_rules": [
                      "solr-tcp"
                    ],
                    "ingress_with_self": [
                      "all-all"
                    ]
                  },
                  "splunk": {
                    "egress_rules": [
                      "all-all"
                    ],
                    "ingress_rules": [
                      "splunk-indexer-tcp",
                      "splunk-web-tcp",
                      "splunk-splunkd-tcp",
                      "splunk-hec-tcp"
                    ],
                    "ingress_with_self": [
                      "all-all"
                    ]
                  },
                  "squid": {
                    "egress_rules": [
                      "all-all"
                    ],
                    "ingress_rules": [
                      "squid-proxy-tcp"
                    ],
                    "ingress_with_self": [
                      "all-all"
                    ]
                  },
                  "ssh": {
                    "egress_rules": [
                      "all-all"
                    ],
                    "ingress_rules": [
                      "ssh-tcp"
                    ],
                    "ingress_with_self": [
                      "all-all"
                    ]
                  },
                  "storm": {
                    "egress_rules": [
                      "all-all"
                    ],
                    "ingress_rules": [
                      "storm-nimbus-tcp",
                      "storm-ui-tcp",
                      "storm-supervisor-tcp"
                    ],
                    "ingress_with_self": [
                      "all-all"
                    ]
                  },
                  "vault": {
                    "egress_rules": [
                      "all-all"
                    ],
                    "ingress_rules": [
                      "vault-tcp"
                    ],
                    "ingress_with_self": [
                      "all-all"
                    ]
                  },
                  "wazuh": {
                    "egress_rules": [
                      "all-all"
                    ],
                    "ingress_rules": [
                      "wazuh-server-agent-connection-tcp",
                      "wazuh-server-agent-connection-udp",
                      "wazuh-server-agent-enrollment",
                      "wazuh-server-agent-cluster-daemon",
                      "wazuh-server-syslog-collector-tcp",
                      "wazuh-server-syslog-collector-udp",
                      "wazuh-server-restful-api",
                      "wazuh-indexer-restful-api",
                      "wazuh-dashboard"
                    ],
                    "ingress_with_self": [
                      "all-all"
                    ]
                  },
                  "web": {
                    "egress_rules": [
                      "all-all"
                    ],
                    "ingress_rules": [
                      "http-80-tcp",
                      "http-8080-tcp",
                      "https-443-tcp",
                      "web-jmx-tcp"
                    ],
                    "ingress_with_self": [
                      "all-all"
                    ]
                  },
                  "winrm": {
                    "egress_rules": [
                      "all-all"
                    ],
                    "ingress_rules": [
                      "winrm-http-tcp",
                      "winrm-https-tcp"
                    ],
                    "ingress_with_self": [
                      "all-all"
                    ]
                  },
                  "zabbix": {
                    "egress_rules": [
                      "all-all"
                    ],
                    "ingress_rules": [
                      "zabbix-server",
                      "zabbix-proxy",
                      "zabbix-agent"
                    ],
                    "ingress_with_self": [
                      "all-all"
                    ]
                  },
                  "zipkin": {
                    "egress_rules": [
                      "all-all"
                    ],
                    "ingress_rules": [
                      "zipkin-admin-tcp",
                      "zipkin-admin-query-tcp",
                      "zipkin-admin-web-tcp",
                      "zipkin-query-tcp",
                      "zipkin-web-tcp"
                    ],
                    "ingress_with_self": [
                      "all-all"
                    ]
                  },
                  "zookeeper": {
                    "egress_rules": [
                      "all-all"
                    ],
                    "ingress_rules": [
                      "zookeeper-2181-tcp",
                      "zookeeper-2182-tls-tcp",
                      "zookeeper-2888-tcp",
                      "zookeeper-3888-tcp",
                      "zookeeper-jmx-tcp"
                    ],
                    "ingress_with_self": [
                      "all-all"
                    ]
                  }
                },
                "description": "Map of groups of security group rules to use to generate modules (see update_groups.sh)"
              },
              "computed_egress_rules": {
                "default": [],
                "description": "List of computed egress rules to create by name"
              },
              "computed_egress_with_cidr_blocks": {
                "default": [],
                "description": "List of computed egress rules to create where 'cidr_blocks' is used"
              },
              "computed_egress_with_ipv6_cidr_blocks": {
                "default": [],
                "description": "List of computed egress rules to create where 'ipv6_cidr_blocks' is used"
              },
              "computed_egress_with_prefix_list_ids": {
                "default": [],
                "description": "List of computed egress rules to create where 'prefix_list_ids' is used only"
              },
              "computed_egress_with_self": {
                "default": [],
                "description": "List of computed egress rules to create where 'self' is defined"
              },
              "computed_egress_with_source_security_group_id": {
                "default": [],
                "description": "List of computed egress rules to create where 'source_security_group_id' is used"
              },
              "computed_ingress_rules": {
                "default": [],
                "description": "List of computed ingress rules to create by name"
              },
              "computed_ingress_with_cidr_blocks": {
                "default": [],
                "description": "List of computed ingress rules to create where 'cidr_blocks' is used"
              },
              "computed_ingress_with_ipv6_cidr_blocks": {
                "default": [],
                "description": "List of computed ingress rules to create where 'ipv6_cidr_blocks' is used"
              },
              "computed_ingress_with_prefix_list_ids": {
                "default": [],
                "description": "List of computed ingress rules to create where 'prefix_list_ids' is used"
              },
              "computed_ingress_with_self": {
                "default": [],
                "description": "List of computed ingress rules to create where 'self' is defined"
              },
              "computed_ingress_with_source_security_group_id": {
                "default": [],
                "description": "List of computed ingress rules to create where 'source_security_group_id' is used"
              },
              "create": {
                "default": true,
                "description": "Whether to create security group and all rules"
              },
              "create_sg": {
                "default": true,
                "description": "Whether to create security group"
              },
              "create_timeout": {
                "default": "10m",
                "description": "Time to wait for a security group to be created"
              },
              "delete_timeout": {
                "default": "15m",
                "description": "Time to wait for a security group to be deleted"
              },
              "description": {
                "default": "Security Group managed by Terraform",
                "description": "Description of security group"
              },
              "egress_cidr_blocks": {
                "default": [
                  "0.0.0.0/0"
                ],
                "description": "List of IPv4 CIDR ranges to use on all egress rules"
              },
              "egress_ipv6_cidr_blocks": {
                "default": [
                  "::/0"
                ],
                "description": "List of IPv6 CIDR ranges to use on all egress rules"
              },
              "egress_prefix_list_ids": {
                "default": [],
                "description": "List of prefix list IDs (for allowing access to VPC endpoints) to use on all egress rules"
              },
              "egress_rules": {
                "default": [],
                "description": "List of egress rules to create by name"
              },
              "egress_with_cidr_blocks": {
                "default": [],
                "description": "List of egress rules to create where 'cidr_blocks' is used"
              },
              "egress_with_ipv6_cidr_blocks": {
                "default": [],
                "description": "List of egress rules to create where 'ipv6_cidr_blocks' is used"
              },
              "egress_with_prefix_list_ids": {
                "default": [],
                "description": "List of egress rules to create where 'prefix_list_ids' is used only"
              },
              "egress_with_self": {
                "default": [],
                "description": "List of egress rules to create where 'self' is defined"
              },
              "egress_with_source_security_group_id": {
                "default": [],
                "description": "List of egress rules to create where 'source_security_group_id' is used"
              },
              "ingress_cidr_blocks": {
                "default": [],
                "description": "List of IPv4 CIDR ranges to use on all ingress rules"
              },
              "ingress_ipv6_cidr_blocks": {
                "default": [],
                "description": "List of IPv6 CIDR ranges to use on all ingress rules"
              },
              "ingress_prefix_list_ids": {
                "default": [],
                "description": "List of prefix list IDs (for allowing access to VPC endpoints) to use on all ingress rules"
              },
              "ingress_rules": {
                "default": [],
                "description": "List of ingress rules to create by name"
              },
              "ingress_with_cidr_blocks": {
                "default": [],
                "description": "List of ingress rules to create where 'cidr_blocks' is used"
              },
              "ingress_with_ipv6_cidr_blocks": {
                "default": [],
                "description": "List of ingress rules to create where 'ipv6_cidr_blocks' is used"
              },
              "ingress_with_prefix_list_ids": {
                "default": [],
                "description": "List of ingress rules to create where 'prefix_list_ids' is used only"
              },
              "ingress_with_self": {
                "default": [],
                "description": "List of ingress rules to create where 'self' is defined"
              },
              "ingress_with_source_security_group_id": {
                "default": [],
                "description": "List of ingress rules to create where 'source_security_group_id' is used"
              },
              "name": {
                "default": null,
                "description": "Name of security group - not required if create_sg is false"
              },
              "number_of_computed_egress_rules": {
                "default": 0,
                "description": "Number of computed egress rules to create by name"
              },
              "number_of_computed_egress_with_cidr_blocks": {
                "default": 0,
                "description": "Number of computed egress rules to create where 'cidr_blocks' is used"
              },
              "number_of_computed_egress_with_ipv6_cidr_blocks": {
                "default": 0,
                "description": "Number of computed egress rules to create where 'ipv6_cidr_blocks' is used"
              },
              "number_of_computed_egress_with_prefix_list_ids": {
                "default": 0,
                "description": "Number of computed egress rules to create where 'prefix_list_ids' is used only"
              },
              "number_of_computed_egress_with_self": {
                "default": 0,
                "description": "Number of computed egress rules to create where 'self' is defined"
              },
              "number_of_computed_egress_with_source_security_group_id": {
                "default": 0,
                "description": "Number of computed egress rules to create where 'source_security_group_id' is used"
              },
              "number_of_computed_ingress_rules": {
                "default": 0,
                "description": "Number of computed ingress rules to create by name"
              },
              "number_of_computed_ingress_with_cidr_blocks": {
                "default": 0,
                "description": "Number of computed ingress rules to create where 'cidr_blocks' is used"
              },
              "number_of_computed_ingress_with_ipv6_cidr_blocks": {
                "default": 0,
                "description": "Number of computed ingress rules to create where 'ipv6_cidr_blocks' is used"
              },
              "number_of_computed_ingress_with_prefix_list_ids": {
                "default": 0,
                "description": "Number of computed ingress rules to create where 'prefix_list_ids' is used"
              },
              "number_of_computed_ingress_with_self": {
                "default": 0,
                "description": "Number of computed ingress rules to create where 'self' is defined"
              },
              "number_of_computed_ingress_with_source_security_group_id": {
                "default": 0,
                "description": "Number of computed ingress rules to create where 'source_security_group_id' is used"
              },
              "putin_khuylo": {
                "default": true,
                "description": "Do you agree that Putin doesn't respect Ukrainian sovereignty and territorial integrity? More info: https://en.wikipedia.org/wiki/Putin_khuylo!"
              },
              "revoke_rules_on_delete": {
                "default": false,
                "description": "Instruct Terraform to revoke all of the Security Groups attached ingress and egress rules before deleting the rule itself. Enable for EMR."
              },
              "rules": {
                "default": {
                  "_": [
                    "",
                    "",
                    ""
                  ],
                  "activemq-5671-tcp": [
                    "5671",
                    "5671",
                    "tcp",
                    "ActiveMQ AMQP"
                  ],
                  "activemq-61614-tcp": [
                    "61614",
                    "61614",
                    "tcp",
                    "ActiveMQ STOMP"
                  ],
                  "activemq-61617-tcp": [
                    "61617",
                    "61617",
                    "tcp",
                    "ActiveMQ OpenWire"
                  ],
                  "activemq-61619-tcp": [
                    "61619",
                    "61619",
                    "tcp",
                    "ActiveMQ WebSocket"
                  ],
                  "activemq-8883-tcp": [
                    "8883",
                    "8883",
                    "tcp",
                    "ActiveMQ MQTT"
                  ],
                  "alertmanager-9093-tcp": [
                    "9093",
                    "9093",
                    "tcp",
                    "Alert Manager"
                  ],
                  "alertmanager-9094-tcp": [
                    "9094",
                    "9094",
                    "tcp",
                    "Alert Manager Cluster"
                  ],
                  "all-all": [
                    "-1",
                    "-1",
                    "-1",
                    "All protocols"
                  ],
                  "all-icmp": [
                    "-1",
                    "-1",
                    "icmp",
                    "All IPV4 ICMP"
                  ],
                  "all-ipv6-icmp": [
                    "-1",
                    "-1",
                    "58",
                    "All IPV6 ICMP"
                  ],
                  "all-tcp": [
                    "0",
                    "65535",
                    "tcp",
                    "All TCP ports"
                  ],
                  "all-udp": [
                    "0",
                    "65535",
                    "udp",
                    "All UDP ports"
                  ],
                  "carbon-admin-tcp": [
                    "2004",
                    "2004",
                    "tcp",
                    "Carbon admin"
                  ],
                  "carbon-gui-udp": [
                    "8081",
                    "8081",
                    "tcp",
                    "Carbon GUI"
                  ],
                  "carbon-line-in-tcp": [
                    "2003",
                    "2003",
                    "tcp",
                    "Carbon line-in"
                  ],
                  "carbon-line-in-udp": [
                    "2003",
                    "2003",
                    "udp",
                    "Carbon line-in"
                  ],
                  "carbon-pickle-tcp": [
                    "2013",
                    "2013",
                    "tcp",
                    "Carbon pickle"
                  ],
                  "carbon-pickle-udp": [
                    "2013",
                    "2013",
                    "udp",
                    "Carbon pickle"
                  ],
                  "cassandra-clients-tcp": [
                    "9042",
                    "9042",
                    "tcp",
                    "Cassandra clients"
                  ],
                  "cassandra-jmx-tcp": [
                    "7199",
                    "7199",
                    "tcp",
                    "JMX"
                  ],
                  "cassandra-thrift-clients-tcp": [
                    "9160",
                    "9160",
                    "tcp",
                    "Cassandra Thrift clients"
                  ],
                  "consul-dns-tcp": [
                    "8600",
                    "8600",
                    "tcp",
                    "Consul DNS"
                  ],
                  "consul-dns-udp": [
                    "8600",
                    "8600",
                    "udp",
                    "Consul DNS"
                  ],
                  "consul-grpc-tcp": [
                    "8502",
                    "8502",
                    "tcp",
                    "Consul gRPC"
                  ],
                  "consul-grpc-tcp-tls": [
                    "8503",
                    "8503",
                    "tcp",
                    "Consul gRPC TLS"
                  ],
                  "consul-serf-lan-tcp": [
                    "8301",
                    "8301",
                    "tcp",
                    "Serf LAN"
                  ],
                  "consul-serf-lan-udp": [
                    "8301",
                    "8301",
                    "udp",
                    "Serf LAN"
                  ],
                  "consul-serf-wan-tcp": [
                    "8302",
                    "8302",
                    "tcp",
                    "Serf WAN"
                  ],
                  "consul-serf-wan-udp": [
                    "8302",
                    "8302",
                    "udp",
                    "Serf WAN"
                  ],
                  "consul-tcp": [
                    "8300",
                    "8300",
                    "tcp",
                    "Consul server"
                  ],
                  "consul-webui-http-tcp": [
                    "8500",
                    "8500",
                    "tcp",
                    "Consul web UI HTTP"
                  ],
                  "consul-webui-https-tcp": [
                    "8501",
                    "8501",
                    "tcp",
                    "Consul web UI HTTPS"
                  ],
                  "dax-cluster-encrypted-tcp": [
                    "9111",
                    "9111",
                    "tcp",
                    "DAX Cluster encrypted"
                  ],
                  "dax-cluster-unencrypted-tcp": [
                    "8111",
                    "8111",
                    "tcp",
                    "DAX Cluster unencrypted"
                  ],
                  "dns-tcp": [
                    "53",
                    "53",
                    "tcp",
                    "DNS"
                  ],
                  "dns-udp": [
                    "53",
                    "53",
                    "udp",
                    "DNS"
                  ],
                  "docker-swarm-mngmt-tcp": [
                    "2377",
                    "2377",
                    "tcp",
                    "Docker Swarm cluster management"
                  ],
                  "docker-swarm-node-tcp": [
                    "7946",
                    "7946",
                    "tcp",
                    "Docker Swarm node"
                  ],
                  "docker-swarm-node-udp": [
                    "7946",
                    "7946",
                    "udp",
                    "Docker Swarm node"
                  ],
                  "docker-swarm-overlay-udp": [
                    "4789",
                    "4789",
                    "udp",
                    "Docker Swarm Overlay Network Traffic"
                  ],
                  "elasticsearch-java-tcp": [
                    "9300",
                    "9300",
                    "tcp",
                    "Elasticsearch Java interface"
                  ],
                  "elasticsearch-rest-tcp": [
                    "9200",
                    "9200",
                    "tcp",
                    "Elasticsearch REST interface"
                  ],
                  "etcd-client-tcp": [
                    "2379",
                    "2379",
                    "tcp",
                    "Etcd Client"
                  ],
                  "etcd-peer-tcp": [
                    "2380",
                    "2380",
                    "tcp",
                    "Etcd Peer"
                  ],
                  "grafana-tcp": [
                    "3000",
                    "3000",
                    "tcp",
                    "Grafana Dashboard"
                  ],
                  "graphite-2003-tcp": [
                    "2003",
                    "2003",
                    "tcp",
                    "Carbon receiver plain text"
                  ],
                  "graphite-2004-tcp": [
                    "2004",
                    "2004",
                    "tcp",
                    "Carbon receiver pickle"
                  ],
                  "graphite-2023-tcp": [
                    "2023",
                    "2023",
                    "tcp",
                    "Carbon aggregator plaintext"
                  ],
                  "graphite-2024-tcp": [
                    "2024",
                    "2024",
                    "tcp",
                    "Carbon aggregator pickle"
                  ],
                  "graphite-8080-tcp": [
                    "8080",
                    "8080",
                    "tcp",
                    "Graphite gunicorn port"
                  ],
                  "graphite-8125-tcp": [
                    "8125",
                    "8125",
                    "tcp",
                    "Statsd TCP"
                  ],
                  "graphite-8125-udp": [
                    "8125",
                    "8125",
                    "udp",
                    "Statsd UDP default"
                  ],
                  "graphite-8126-tcp": [
                    "8126",
                    "8126",
                    "tcp",
                    "Statsd admin"
                  ],
                  "graphite-webui": [
                    "80",
                    "80",
                    "tcp",
                    "Graphite admin interface"
                  ],
                  "http-80-tcp": [
                    "80",
                    "80",
                    "tcp",
                    "HTTP"
                  ],
                  "http-8080-tcp": [
                    "8080",
                    "8080",
                    "tcp",
                    "HTTP"
                  ],
                  "https-443-tcp": [
                    "443",
                    "443",
                    "tcp",
                    "HTTPS"
                  ],
                  "https-8443-tcp": [
                    "8443",
                    "8443",
                    "tcp",
                    "HTTPS"
                  ],
                  "ipsec-4500-udp": [
                    "4500",
                    "4500",
                    "udp",
                    "IPSEC NAT-T"
                  ],
                  "ipsec-500-udp": [
                    "500",
                    "500",
                    "udp",
                    "IPSEC ISAKMP"
                  ],
                  "kafka-broker-sasl-iam-public-tcp": [
                    "9198",
                    "9198",
                    "tcp",
                    "Kafka SASL/IAM Public access control enabled (MSK specific)"
                  ],
                  "kafka-broker-sasl-iam-tcp": [
                    "9098",
                    "9098",
                    "tcp",
                    "Kafka SASL/IAM access control enabled (MSK specific)"
                  ],
                  "kafka-broker-sasl-scram-public-tcp": [
                    "9196",
                    "9196",
                    "tcp",
                    "Kafka SASL/SCRAM Public enabled broker (MSK specific)"
                  ],
                  "kafka-broker-sasl-scram-tcp": [
                    "9096",
                    "9096",
                    "tcp",
                    "Kafka SASL/SCRAM enabled broker (MSK specific)"
                  ],
                  "kafka-broker-tcp": [
                    "9092",
                    "9092",
                    "tcp",
                    "Kafka PLAINTEXT enable broker 0.8.2+"
                  ],
                  "kafka-broker-tls-public-tcp": [
                    "9194",
                    "9194",
                    "tcp",
                    "Kafka TLS Public enabled broker 0.8.2+ (MSK specific)"
                  ],
                  "kafka-broker-tls-tcp": [
                    "9094",
                    "9094",
                    "tcp",
                    "Kafka TLS enabled broker 0.8.2+"
                  ],
                  "kafka-jmx-exporter-tcp": [
                    "11001",
                    "11001",
                    "tcp",
                    "Kafka JMX Exporter"
                  ],
                  "kafka-node-exporter-tcp": [
                    "11002",
                    "11002",
                    "tcp",
                    "Kafka Node Exporter"
                  ],
                  "kibana-tcp": [
                    "5601",
                    "5601",
                    "tcp",
                    "Kibana Web Interface"
                  ],
                  "kubernetes-api-tcp": [
                    "6443",
                    "6443",
                    "tcp",
                    "Kubernetes API Server"
                  ],
                  "ldap-tcp": [
                    "389",
                    "389",
                    "tcp",
                    "LDAP"
                  ],
                  "ldaps-tcp": [
                    "636",
                    "636",
                    "tcp",
                    "LDAPS"
                  ],
                  "logstash-tcp": [
                    "5044",
                    "5044",
                    "tcp",
                    "Logstash"
                  ],
                  "loki-grafana": [
                    "3100",
                    "3100",
                    "tcp",
                    "Grafana Loki endpoint"
                  ],
                  "loki-grafana-grpc": [
                    "9095",
                    "9095",
                    "tcp",
                    "Grafana Loki GRPC"
                  ],
                  "memcached-tcp": [
                    "11211",
                    "11211",
                    "tcp",
                    "Memcached"
                  ],
                  "minio-tcp": [
                    "9000",
                    "9000",
                    "tcp",
                    "MinIO"
                  ],
                  "mongodb-27017-tcp": [
                    "27017",
                    "27017",
                    "tcp",
                    "MongoDB"
                  ],
                  "mongodb-27018-tcp": [
                    "27018",
                    "27018",
                    "tcp",
                    "MongoDB shard"
                  ],
                  "mongodb-27019-tcp": [
                    "27019",
                    "27019",
                    "tcp",
                    "MongoDB config server"
                  ],
                  "mssql-analytics-tcp": [
                    "2383",
                    "2383",
                    "tcp",
                    "MSSQL Analytics"
                  ],
                  "mssql-broker-tcp": [
                    "4022",
                    "4022",
                    "tcp",
                    "MSSQL Broker"
                  ],
                  "mssql-tcp": [
                    "1433",
                    "1433",
                    "tcp",
                    "MSSQL Server"
                  ],
                  "mssql-udp": [
                    "1434",
                    "1434",
                    "udp",
                    "MSSQL Browser"
                  ],
                  "mysql-tcp": [
                    "3306",
                    "3306",
                    "tcp",
                    "MySQL/Aurora"
                  ],
                  "nfs-tcp": [
                    "2049",
                    "2049",
                    "tcp",
                    "NFS/EFS"
                  ],
                  "nomad-http-tcp": [
                    "4646",
                    "4646",
                    "tcp",
                    "Nomad HTTP"
                  ],
                  "nomad-rpc-tcp": [
                    "4647",
                    "4647",
                    "tcp",
                    "Nomad RPC"
                  ],
                  "nomad-serf-tcp": [
                    "4648",
                    "4648",
                    "tcp",
                    "Serf"
                  ],
                  "nomad-serf-udp": [
                    "4648",
                    "4648",
                    "udp",
                    "Serf"
                  ],
                  "ntp-udp": [
                    "123",
                    "123",
                    "udp",
                    "NTP"
                  ],
                  "octopus-tentacle-tcp": [
                    "10933",
                    "10933",
                    "tcp",
                    "Octopus Tentacle"
                  ],
                  "openvpn-https-tcp": [
                    "443",
                    "443",
                    "tcp",
                    "OpenVPN"
                  ],
                  "openvpn-tcp": [
                    "943",
                    "943",
                    "tcp",
                    "OpenVPN"
                  ],
                  "openvpn-udp": [
                    "1194",
                    "1194",
                    "udp",
                    "OpenVPN"
                  ],
                  "oracle-db-tcp": [
                    "1521",
                    "1521",
                    "tcp",
                    "Oracle"
                  ],
                  "postgresql-tcp": [
                    "5432",
                    "5432",
                    "tcp",
                    "PostgreSQL"
                  ],
                  "prometheus-http-tcp": [
                    "9090",
                    "9090",
                    "tcp",
                    "Prometheus"
                  ],
                  "prometheus-node-exporter-http-tcp": [
                    "9100",
                    "9100",
                    "tcp",
                    "Prometheus Node Exporter"
                  ],
                  "prometheus-pushgateway-http-tcp": [
                    "9091",
                    "9091",
                    "tcp",
                    "Prometheus Pushgateway"
                  ],
                  "promtail-http": [
                    "9080",
                    "9080",
                    "tcp",
                    "Promtail endpoint"
                  ],
                  "puppet-tcp": [
                    "8140",
                    "8140",
                    "tcp",
                    "Puppet"
                  ],
                  "puppetdb-tcp": [
                    "8081",
                    "8081",
                    "tcp",
                    "PuppetDB"
                  ],
                  "rabbitmq-15672-tcp": [
                    "15672",
                    "15672",
                    "tcp",
                    "RabbitMQ"
                  ],
                  "rabbitmq-25672-tcp": [
                    "25672",
                    "25672",
                    "tcp",
                    "RabbitMQ"
                  ],
                  "rabbitmq-4369-tcp": [
                    "4369",
                    "4369",
                    "tcp",
                    "RabbitMQ epmd"
                  ],
                  "rabbitmq-5671-tcp": [
                    "5671",
                    "5671",
                    "tcp",
                    "RabbitMQ"
                  ],
                  "rabbitmq-5672-tcp": [
                    "5672",
                    "5672",
                    "tcp",
                    "RabbitMQ"
                  ],
                  "rdp-tcp": [
                    "3389",
                    "3389",
                    "tcp",
                    "Remote Desktop"
                  ],
                  "rdp-udp": [
                    "3389",
                    "3389",
                    "udp",
                    "Remote Desktop"
                  ],
                  "redis-tcp": [
                    "6379",
                    "6379",
                    "tcp",
                    "Redis"
                  ],
                  "redshift-tcp": [
                    "5439",
                    "5439",
                    "tcp",
                    "Redshift"
                  ],
                  "saltstack-tcp": [
                    "4505",
                    "4506",
                    "tcp",
                    "SaltStack"
                  ],
                  "smtp-submission-2587-tcp": [
                    "2587",
                    "2587",
                    "tcp",
                    "SMTP Submission"
                  ],
                  "smtp-submission-587-tcp": [
                    "587",
                    "587",
                    "tcp",
                    "SMTP Submission"
                  ],
                  "smtp-tcp": [
                    "25",
                    "25",
                    "tcp",
                    "SMTP"
                  ],
                  "smtps-2456-tcp": [
                    "2465",
                    "2465",
                    "tcp",
                    "SMTPS"
                  ],
                  "smtps-465-tcp": [
                    "465",
                    "465",
                    "tcp",
                    "SMTPS"
                  ],
                  "solr-tcp": [
                    "8983",
                    "8987",
                    "tcp",
                    "Solr"
                  ],
                  "splunk-hec-tcp": [
                    "8088",
                    "8088",
                    "tcp",
                    "Splunk HEC"
                  ],
                  "splunk-indexer-tcp": [
                    "9997",
                    "9997",
                    "tcp",
                    "Splunk indexer"
                  ],
                  "splunk-splunkd-tcp": [
                    "8089",
                    "8089",
                    "tcp",
                    "Splunkd"
                  ],
                  "splunk-web-tcp": [
                    "8000",
                    "8000",
                    "tcp",
                    "Splunk Web"
                  ],
                  "squid-proxy-tcp": [
                    "3128",
                    "3128",
                    "tcp",
                    "Squid default proxy"
                  ],
                  "ssh-tcp": [
                    "22",
                    "22",
                    "tcp",
                    "SSH"
                  ],
                  "storm-nimbus-tcp": [
                    "6627",
                    "6627",
                    "tcp",
                    "Nimbus"
                  ],
                  "storm-supervisor-tcp": [
                    "6700",
                    "6703",
                    "tcp",
                    "Supervisor"
                  ],
                  "storm-ui-tcp": [
                    "8080",
                    "8080",
                    "tcp",
                    "Storm UI"
                  ],
                  "vault-tcp": [
                    "8200",
                    "8200",
                    "tcp",
                    "Vault"
                  ],
                  "wazuh-dashboard": [
                    "443",
                    "443",
                    "tcp",
                    "Wazuh web user interface"
                  ],
                  "wazuh-indexer-restful-api": [
                    "9200",
                    "9200",
                    "tcp",
                    "Wazuh indexer RESTful API"
                  ],
                  "wazuh-server-agent-cluster-daemon": [
                    "1516",
                    "1516",
                    "tcp",
                    "Wazuh cluster daemon"
                  ],
                  "wazuh-server-agent-connection-tcp": [
                    "1514",
                    "1514",
                    "tcp",
                    "Agent connection service(TCP)"
                  ],
                  "wazuh-server-agent-connection-udp": [
                    "1514",
                    "1514",
                    "udp",
                    "Agent connection service(UDP)"
                  ],
                  "wazuh-server-agent-enrollment": [
                    "1515",
                    "1515",
                    "tcp",
                    "Agent enrollment service"
                  ],
                  "wazuh-server-restful-api": [
                    "55000",
                    "55000",
                    "tcp",
                    "Wazuh server RESTful API"
                  ],
                  "wazuh-server-syslog-collector-tcp": [
                    "514",
                    "514",
                    "tcp",
                    "Wazuh Syslog collector(TCP)"
                  ],
                  "wazuh-server-syslog-collector-udp": [
                    "514",
                    "514",
                    "udp",
                    "Wazuh Syslog collector(UDP)"
                  ],
                  "web-jmx-tcp": [
                    "1099",
                    "1099",
                    "tcp",
                    "JMX"
                  ],
                  "winrm-http-tcp": [
                    "5985",
                    "5985",
                    "tcp",
                    "WinRM HTTP"
                  ],
                  "winrm-https-tcp": [
                    "5986",
                    "5986",
                    "tcp",
                    "WinRM HTTPS"
                  ],
                  "zabbix-agent": [
                    "10050",
                    "10050",
                    "tcp",
                    "Zabbix Agent"
                  ],
                  "zabbix-proxy": [
                    "10051",
                    "10051",
                    "tcp",
                    "Zabbix Proxy"
                  ],
                  "zabbix-server": [
                    "10051",
                    "10051",
                    "tcp",
                    "Zabbix Server"
                  ],
                  "zipkin-admin-query-tcp": [
                    "9901",
                    "9901",
                    "tcp",
                    "Zipkin Admin port query"
                  ],
                  "zipkin-admin-tcp": [
                    "9990",
                    "9990",
                    "tcp",
                    "Zipkin Admin port collector"
                  ],
                  "zipkin-admin-web-tcp": [
                    "9991",
                    "9991",
                    "tcp",
                    "Zipkin Admin port web"
                  ],
                  "zipkin-query-tcp": [
                    "9411",
                    "9411",
                    "tcp",
                    "Zipkin query port"
                  ],
                  "zipkin-web-tcp": [
                    "8080",
                    "8080",
                    "tcp",
                    "Zipkin web port"
                  ],
                  "zookeeper-2181-tcp": [
                    "2181",
                    "2181",
                    "tcp",
                    "Zookeeper"
                  ],
                  "zookeeper-2182-tls-tcp": [
                    "2182",
                    "2182",
                    "tcp",
                    "Zookeeper TLS (MSK specific)"
                  ],
                  "zookeeper-2888-tcp": [
                    "2888",
                    "2888",
                    "tcp",
                    "Zookeeper"
                  ],
                  "zookeeper-3888-tcp": [
                    "3888",
                    "3888",
                    "tcp",
                    "Zookeeper"
                  ],
                  "zookeeper-jmx-tcp": [
                    "7199",
                    "7199",
                    "tcp",
                    "JMX"
                  ]
                },
                "description": "Map of known security group rules (define as 'name' = ['from port', 'to port', 'protocol', 'description'])"
              },
              "security_group_id": {
                "default": null,
                "description": "ID of existing security group whose rules we will manage"
              },
              "tags": {
                "default": {},
                "description": "A mapping of tags to assign to security group"
              },
              "use_name_prefix": {
                "default": true,
                "description": "Whether to use name_prefix or fixed name. Should be true to able to update security group name after initial creation"
              },
              "vpc_id": {
                "default": null,
                "description": "ID of the VPC where to create security group"
              }
            }
          }
        }
      }
    }
  },
  "relevant_attributes": [
    {
      "resource": "data.aws_vpc.default",
      "attribute": [
        "id"
      ]
    },
    {
      "resource": "module.http_sg.aws_security_group.this[0]",
      "attribute": [
        "id"
      ]
    },
    {
      "resource": "module.http_sg.aws_security_group.this_name_prefix[0]",
      "attribute": [
        "id"
      ]
    },
    {
      "resource": "module.http_sg.aws_security_group.this_name_prefix[0]",
      "attribute": [
        "description"
      ]
    },
    {
      "resource": "module.http_sg.aws_security_group.this[0]",
      "attribute": [
        "arn"
      ]
    },
    {
      "resource": "module.http_sg.aws_security_group.this_name_prefix[0]",
      "attribute": [
        "arn"
      ]
    },
    {
      "resource": "module.http_sg.aws_security_group.this_name_prefix[0]",
      "attribute": [
        "name"
      ]
    },
    {
      "resource": "module.http_sg.aws_security_group.this_name_prefix[0]",
      "attribute": [
        "vpc_id"
      ]
    },
    {
      "resource": "module.http_sg.aws_security_group.this[0]",
      "attribute": [
        "description"
      ]
    },
    {
      "resource": "module.http_sg.aws_security_group.this[0]",
      "attribute": [
        "name"
      ]
    },
    {
      "resource": "module.http_sg.aws_security_group.this[0]",
      "attribute": [
        "owner_id"
      ]
    },
    {
      "resource": "module.http_sg.aws_security_group.this_name_prefix[0]",
      "attribute": [
        "owner_id"
      ]
    },
    {
      "resource": "module.http_sg.aws_security_group.this[0]",
      "attribute": [
        "vpc_id"
      ]
    }
  ],
  "timestamp": "2024-02-01T06:49:42Z"
}
